# This file is automatically @generated by Poetry 2.5.1 and should not be changed by hand.

[[package]]
name = "customtkinter"
version = "6.0.0"
description = "Create modern looking GUIs with Python"
optional = false
python-versions = ">=3.7"
groups = ["main"]
files = [
    {file = "customtkinter-6.0.0-py3-none-any.whl", hash = "sha256:704fcbf1d2fca06bd7881b0afacfae72aed9864c9b6de2870e632e55eb3a0456"},
    {file = "customtkinter-6.0.0.tar.gz", hash = "sha256:c782df167bc64ab3fc3140286df06967ac2de4dcc97dd5958426fe9c1a98057b"},
]

[package.dependencies]
darkdetect = "*"
packaging = "*"

[[package]]
name = "darkdetect"
version = "0.8.0"
description = "Detect OS Dark Mode from Python"
optional = false
python-versions = ">=3.6"
groups = ["main"]
files = [
    {file = "darkdetect-0.8.0-py3-none-any.whl", hash = "sha256:a7509ccf517eaad92b31c214f593dbcf138ea8a43b2935406bbd565e15527a85"},
    {file = "darkdetect-0.8.0.tar.gz", hash = "sha256:b5428e1170263eb5dea44c25dc3895edd75e6f52300986353cd63533fe7df8b1"},
]

[package.extras]
macos-listener = ["pyobjc-framework-Cocoa ; platform_system == \"Darwin\""]

[[package]]
name = "packaging"
version = "26.3"
description = "Core utilities for Python packages"
optional = false
python-versions = ">=3.9"
groups = ["main"]
files = [
    {file = "packaging-26.3-py3-none-any.whl", hash = "sha256:d7193f7c8e4e93f444fde0262bf90af30e16fa0ad0ad44cb553c87339b23cd1c"},
    {file = "packaging-26.3.tar.gz", hash = "sha256:94edc256424af38762eb31306eed28beb9f0efc50a8837492c9d6fd6004aed79"},
]

[metadata]
lock-version = "2.1"
python-versions = "^3.14"
content-hash = "d52bbd27103aefcf223fc92fffabad8e43d17124c1664afee3cf44c76f1d5918"
